# This file was autogenerated by Stack.
# You should not edit this file by hand.
# For more information, please see the documentation at:
#   https://docs.haskellstack.org/en/stable/lock_files

packages:
- completed:
    hackage: restartable-0.3.0.0@sha256:359eeaa5b7c65b83ed5d26d6082ddec42541aa06cbd876a53507972e5f69acd3,1793
    pantry-tree:
      size: 467
      sha256: abf429a3861efba5c2aca95a7ffd4572cbb9ba5a98de9f331ef82b0157658446
  original:
    hackage: restartable-0.3.0.0@sha256:359eeaa5b7c65b83ed5d26d6082ddec42541aa06cbd876a53507972e5f69acd3,1793
- completed:
    hackage: SDL-0.6.7.0@sha256:9d6ba75c0cab575ec38468c8277803983e985f9622437aeca6a53e6a7337a7d5,2045
    pantry-tree:
      size: 1942
      sha256: c533e2572ee2ed4d48f8f0fa60efed32ff5eb5ab618fc8f72fdfa7321d186afc
  original:
    hackage: SDL-0.6.7.0@sha256:9d6ba75c0cab575ec38468c8277803983e985f9622437aeca6a53e6a7337a7d5,2045
- completed:
    hackage: SDL-image-0.6.2.0@sha256:49234fd721f63969b461ffd94d73c163d82444c3716ef575b2a725aaac29ade6,1216
    pantry-tree:
      size: 664
      sha256: 6472bca9d375d8ea0ab1ba18b092561395476531c1eba7d5f8f54df8261418ac
  original:
    hackage: SDL-image-0.6.2.0@sha256:49234fd721f63969b461ffd94d73c163d82444c3716ef575b2a725aaac29ade6,1216
snapshots:
- completed:
    size: 532177
    url: https://raw.githubusercontent.com/commercialhaskell/stackage-snapshots/master/lts/16/20.yaml
    sha256: 0e14ba5603f01e8496e8984fd84b545a012ca723f51a098c6c9d3694e404dc6d
  original:
    url: https://raw.githubusercontent.com/commercialhaskell/stackage-snapshots/master/lts/16/20.yaml
